<?xml version="1.0" encoding="utf-8"?>
<Project ToolsVersion="4.0" xmlns="http://schemas.microsoft.com/developer/msbuild/2003">
  <ItemGroup>
    <Filter Include="Source Files">
      <UniqueIdentifier>{4FC737F1-C7A5-4376-A066-2A32D752A2FF}</UniqueIdentifier>
      <Extensions>cpp;c;cc;cxx;def;odl;idl;hpj;bat;asm;asmx</Extensions>
    </Filter>
    <Filter Include="Header Files">
      <UniqueIdentifier>{93995380-89BD-4b04-88EB-625FBE52EBFB}</UniqueIdentifier>
      <Extensions>h;hh;hpp;hxx;hm;inl;inc;ipp;xsd</Extensions>
    </Filter>
    <Filter Include="Resource Files">
      <UniqueIdentifier>{67DA6AB6-F800-4c08-8B7A-83BB121AAD01}</UniqueIdentifier>
      <Extensions>rc;ico;cur;bmp;dlg;rc2;rct;bin;rgs;gif;jpg;jpeg;jpe;resx;tiff;tif;png;wav;mfcribbon-ms</Extensions>
    </Filter>
  </ItemGroup>
  <ItemGroup>
    <ClInclude Include="Dog.h">
      <Filter>Source Files</Filter>
    </ClInclude>
    <ClInclude Include="DynamicVector.h">
      <Filter>Source Files</Filter>
    </ClInclude>
    <ClInclude Include="Repo.h">
      <Filter>Source Files</Filter>
    </ClInclude>
    <ClInclude Include="Controller.h">
      <Filter>Source Files</Filter>
    </ClInclude>
    <ClInclude Include="UI.h">
      <Filter>Source Files</Filter>
    </ClInclude>
    <ClInclude Include="Test.h">
      <Filter>Source Files</Filter>
    </ClInclude>
    <ClInclude Include="Utils.h">
      <Filter>Source Files</Filter>
    </ClInclude>
    <ClInclude Include="RepositoryException.h">
      <Filter>Source Files</Filter>
    </ClInclude>
    <ClInclude Include="DogValidator.h">
      <Filter>Source Files</Filter>
    </ClInclude>
    <ClInclude Include="AdoptionList.h">
      <Filter>Source Files</Filter>
    </ClInclude>
    <ClInclude Include="CSVAdopt.h">
      <Filter>Source Files</Filter>
    </ClInclude>
    <ClInclude Include="FileAdoption.h">
      <Filter>Source Files</Filter>
    </ClInclude>
    <ClInclude Include="HTMLAdoptionList.h">
      <Filter>Source Files</Filter>
    </ClInclude>
  </ItemGroup>
  <ItemGroup>
    <ClCompile Include="Dog.cpp">
      <Filter>Source Files</Filter>
    </ClCompile>
    <ClCompile Include="DynamicVector.cpp">
      <Filter>Source Files</Filter>
    </ClCompile>
    <ClCompile Include="Repo.cpp">
      <Filter>Source Files</Filter>
    </ClCompile>
    <ClCompile Include="Controller.cpp">
      <Filter>Source Files</Filter>
    </ClCompile>
    <ClCompile Include="UI.cpp">
      <Filter>Source Files</Filter>
    </ClCompile>
    <ClCompile Include="main.cpp">
      <Filter>Source Files</Filter>
    </ClCompile>
    <ClCompile Include="Test.cpp">
      <Filter>Source Files</Filter>
    </ClCompile>
    <ClCompile Include="Utils.cpp">
      <Filter>Source Files</Filter>
    </ClCompile>
    <ClCompile Include="RepositoryException.cpp">
      <Filter>Source Files</Filter>
    </ClCompile>
    <ClCompile Include="DogValidator.cpp">
      <Filter>Source Files</Filter>
    </ClCompile>
    <ClCompile Include="AdoptionList.cpp">
      <Filter>Source Files</Filter>
    </ClCompile>
    <ClCompile Include="CSVAdopt.cpp">
      <Filter>Source Files</Filter>
    </ClCompile>
    <ClCompile Include="FileAdoption.cpp">
      <Filter>Source Files</Filter>
    </ClCompile>
    <ClCompile Include="FileAdoptionList.cpp">
      <Filter>Source Files</Filter>
    </ClCompile>
    <ClCompile Include="HTMLAdoptionList.cpp">
      <Filter>Source Files</Filter>
    </ClCompile>
  </ItemGroup>
</Project>